
Microsoft Visual Studio Solution File, Format Version 11.00
# Visual Studio 2010
Project("{FAE04EC0-301F-11D3-BF4B-00C04F79EFBC}") = "PSerpisAd", "PserpisAd\PSerpisAd.csproj", "{717E54F2-A951-45DD-9418-236B4F8B148E}"
EndProject
Global
	GlobalSection(SolutionConfigurationPlatforms) = preSolution
		Debug|Any CPU = Debug|Any CPU
		Release|Any CPU = Release|Any CPU
	EndGlobalSection
	GlobalSection(ProjectConfigurationPlatforms) = postSolution
		{717E54F2-A951-45DD-9418-236B4F8B148E}.Debug|Any CPU.ActiveCfg = Debug|Any CPU
		{717E54F2-A951-45DD-9418-236B4F8B148E}.Debug|Any CPU.Build.0 = Debug|Any CPU
		{717E54F2-A951-45DD-9418-236B4F8B148E}.Release|Any CPU.ActiveCfg = Release|Any CPU
		{717E54F2-A951-45DD-9418-236B4F8B148E}.Release|Any CPU.Build.0 = Release|Any CPU
	EndGlobalSection
	GlobalSection(MonoDevelopProperties) = preSolution
		StartupItem = PserpisAd\PSerpisAd.csproj
	EndGlobalSection
EndGlobal
